
Microsoft Visual Studio Solution File, Format Version 12.00
# Visual Studio Version 17
VisualStudioVersion = 17.0.31919.166
MinimumVisualStudioVersion = 10.0.40219.1
Project("{9A19103F-16F7-4668-BE54-9A1E7A4F7556}") = "Ex01_CycleRace", "Ex01_CycleRace\Ex01_CycleRace.csproj", "{4D3DD395-FF98-44E1-992C-CF1D95117D93}"
EndProject
Project("{FAE04EC0-301F-11D3-BF4B-00C04F79EFBC}") = "Ex02_Birthdays", "Ex02_Birthdays\Ex02_Birthdays.csproj", "{B49FFBB4-1A4C-4796-9E12-8E8853BEBEFC}"
EndProject
Global
	GlobalSection(SolutionConfigurationPlatforms) = preSolution
		Debug|Any CPU = Debug|Any CPU
		Release|Any CPU = Release|Any CPU
	EndGlobalSection
	GlobalSection(ProjectConfigurationPlatforms) = postSolution
		{4D3DD395-FF98-44E1-992C-CF1D95117D93}.Debug|Any CPU.ActiveCfg = Debug|Any CPU
		{4D3DD395-FF98-44E1-992C-CF1D95117D93}.Debug|Any CPU.Build.0 = Debug|Any CPU
		{4D3DD395-FF98-44E1-992C-CF1D95117D93}.Release|Any CPU.ActiveCfg = Release|Any CPU
		{4D3DD395-FF98-44E1-992C-CF1D95117D93}.Release|Any CPU.Build.0 = Release|Any CPU
		{B49FFBB4-1A4C-4796-9E12-8E8853BEBEFC}.Debug|Any CPU.ActiveCfg = Debug|Any CPU
		{B49FFBB4-1A4C-4796-9E12-8E8853BEBEFC}.Debug|Any CPU.Build.0 = Debug|Any CPU
		{B49FFBB4-1A4C-4796-9E12-8E8853BEBEFC}.Release|Any CPU.ActiveCfg = Release|Any CPU
		{B49FFBB4-1A4C-4796-9E12-8E8853BEBEFC}.Release|Any CPU.Build.0 = Release|Any CPU
	EndGlobalSection
	GlobalSection(SolutionProperties) = preSolution
		HideSolutionNode = FALSE
	EndGlobalSection
	GlobalSection(ExtensibilityGlobals) = postSolution
		SolutionGuid = {C48CE513-0747-435B-B1D7-36701FD7973C}
	EndGlobalSection
EndGlobal
